{
  "name": "commerce",
  "requires": true,
  "lockfileVersion": 1,
  "dependencies": {
    "husky": {
      "version": "7.0.4",
      "resolved": "https://registry.npmjs.org/husky/-/husky-7.0.4.tgz",
      "integrity": "sha512-vbaCKN2QLtP/vD4yvs6iz6hBEo6wkSzs8HpRah1Z6aGmF2KW5PdYuAd7uX5a+OyBZHBhd+TFLqgjUgytQr4RvQ==",
      "dev": true
    },
    "keen-slider": {
      "version": "6.6.12",
      "resolved": "https://registry.npmjs.org/keen-slider/-/keen-slider-6.6.12.tgz",
      "integrity": "sha512-SStDXThkYeeB68IIdhg822csPruPx1P4WUsu6mHf/SK+wTuTLvFeCykwDZ+Hya0Mat7zGtM2YaDG5+cTjrjU2w=="
    },
    "prettier": {
      "version": "2.6.2",
      "resolved": "https://registry.npmjs.org/prettier/-/prettier-2.6.2.tgz",
      "integrity": "sha512-PkUpF+qoXTqhOeWL9fu7As8LXsIUZ1WYaJiY/a7McAQzxjk82OF0tibkFXVCDImZtWxbvojFjerkiLb0/q8mew==",
      "dev": true
    },
    "react-range": {
      "version": "1.8.12",
      "resolved": "https://registry.npmjs.org/react-range/-/react-range-1.8.12.tgz",
      "integrity": "sha512-vY2eCNDvKlXtEpl8xx5AQVIBeE4ZZ46dLVL+82f4FcS9XrPqz4+XagPHmq3IPqYuVQ2H4b8UArXzvVAsd/B03Q=="
    },
    "rn-range-slider": {
      "version": "2.1.1",
      "resolved": "https://registry.npmjs.org/rn-range-slider/-/rn-range-slider-2.1.1.tgz",
      "integrity": "sha512-tDfH8G4e/k+waGMMd+HaYTlpOqyh1dd3aWdDmqKo0WGh1BfHB+NXy0X2REyr1ZJDvsrq7WEeFZ+PBTdD6cisbw=="
    },
    "turbo": {
      "version": "1.2.6",
      "resolved": "https://registry.npmjs.org/turbo/-/turbo-1.2.6.tgz",
      "integrity": "sha512-7zh48qI2dTb1ktVhTyVLvleRWYVIDNlYnZt9rb8nA/evwZJC5x7ETK4a86f0f4WBAzp3A/TRbE8HNF4cGSkWvw==",
      "dev": true,
      "requires": {
        "turbo-darwin-64": "1.2.6",
        "turbo-darwin-arm64": "1.2.6",
        "turbo-freebsd-64": "1.2.6",
        "turbo-freebsd-arm64": "1.2.6",
        "turbo-linux-32": "1.2.6",
        "turbo-linux-64": "1.2.6",
        "turbo-linux-arm": "1.2.6",
        "turbo-linux-arm64": "1.2.6",
        "turbo-linux-mips64le": "1.2.6",
        "turbo-linux-ppc64le": "1.2.6",
        "turbo-windows-32": "1.2.6",
        "turbo-windows-64": "1.2.6",
        "turbo-windows-arm64": "1.2.6"
      }
    },
    "turbo-darwin-64": {
      "version": "1.2.6",
      "resolved": "https://registry.npmjs.org/turbo-darwin-64/-/turbo-darwin-64-1.2.6.tgz",
      "integrity": "sha512-YNH49cZKw6rrq6ef/PMuryk3lKzE9QI0R72Yj3lcA4C5FIekUA7RZY8xZK7152r6YNgZ6aPWOQN9lauSN58gPQ==",
      "dev": true,
      "optional": true
    },
    "turbo-darwin-arm64": {
      "version": "1.2.6",
      "resolved": "https://registry.npmjs.org/turbo-darwin-arm64/-/turbo-darwin-arm64-1.2.6.tgz",
      "integrity": "sha512-1yk0UK59qGQjFkhmSnrNrGMIVxTeMZSaJ9YhJquyQG7PPHxIpCnz4uQQkZFRb0HQDGMEmsPC49Sx4h6UBQ/3aA==",
      "dev": true,
      "optional": true
    },
    "turbo-freebsd-64": {
      "version": "1.2.6",
      "resolved": "https://registry.npmjs.org/turbo-freebsd-64/-/turbo-freebsd-64-1.2.6.tgz",
      "integrity": "sha512-m5G86zILy0Qc/fy/2Auu74c5St/yS+SQi8ka2Wb/uVMPQjh7VpM3mB/z7U5pZTv92w2HJ8q5krC0uLT+pH4n8Q==",
      "dev": true,
      "optional": true
    },
    "turbo-freebsd-arm64": {
      "version": "1.2.6",
      "resolved": "https://registry.npmjs.org/turbo-freebsd-arm64/-/turbo-freebsd-arm64-1.2.6.tgz",
      "integrity": "sha512-tjbrRoN8fMuyfyKJ/Dw97cNy9CVlzoT8zZbpo1rVZkMRYpnizIDECdecoiMttBZIP9/ktNcj6nJVHh40+a0EMw==",
      "dev": true,
      "optional": true
    },
    "turbo-linux-32": {
      "version": "1.2.6",
      "resolved": "https://registry.npmjs.org/turbo-linux-32/-/turbo-linux-32-1.2.6.tgz",
      "integrity": "sha512-NBCeqsNbTQKuP+5rTwfd4dyd/LTdfUuX+4B6FxXswz6IuCHymUaCRwmRfN6TdeGRFnSP4y2tAymU5zqrI4/Leg==",
      "dev": true,
      "optional": true
    },
    "turbo-linux-64": {
      "version": "1.2.6",
      "resolved": "https://registry.npmjs.org/turbo-linux-64/-/turbo-linux-64-1.2.6.tgz",
      "integrity": "sha512-27NGdEaAOkM/2Bj/QwSNI0b8VxWj9TrfqIE7ATENaMV4B+ukFgFvUkXQuJhnmb4InMxZSc8q01KaSou5P034Sw==",
      "dev": true,
      "optional": true
    },
    "turbo-linux-arm": {
      "version": "1.2.6",
      "resolved": "https://registry.npmjs.org/turbo-linux-arm/-/turbo-linux-arm-1.2.6.tgz",
      "integrity": "sha512-a0aw0kUfvUVLRV7K+5CjscJKDCLwLtb8p28KLHpjvy8EP7Us+n9DH0tZ2M/CAy02cZI7yOzbWEx0L4Q3a1Dajw==",
      "dev": true,
      "optional": true
    },
    "turbo-linux-arm64": {
      "version": "1.2.6",
      "resolved": "https://registry.npmjs.org/turbo-linux-arm64/-/turbo-linux-arm64-1.2.6.tgz",
      "integrity": "sha512-zvk7vQ3N3QU2kKKJQ/qalAen3wkPhcoBD3NIlEwKVL2OYaSCa4UDgOSjpwLw+FAmbWh0zB5Jm8mcLXcok9xyUQ==",
      "dev": true,
      "optional": true
    },
    "turbo-linux-mips64le": {
      "version": "1.2.6",
      "resolved": "https://registry.npmjs.org/turbo-linux-mips64le/-/turbo-linux-mips64le-1.2.6.tgz",
      "integrity": "sha512-5sLTNpXedD4aPCtKzbGOo3THImQVgywivFzbLgD5apkF5eYImG/1oRPH0tjdIN/uEqKFJdxniN5EnLE3uUA76g==",
      "dev": true,
      "optional": true
    },
    "turbo-linux-ppc64le": {
      "version": "1.2.6",
      "resolved": "https://registry.npmjs.org/turbo-linux-ppc64le/-/turbo-linux-ppc64le-1.2.6.tgz",
      "integrity": "sha512-dNIDtCXZolAdm84tCWynntcTbaOErCEbT0onuWwwhJ3CZfC68vqghkYJu7o4T8rMek0RLLcIh/Y4dNM3bp1Mvg==",
      "dev": true,
      "optional": true
    },
    "turbo-windows-32": {
      "version": "1.2.6",
      "resolved": "https://registry.npmjs.org/turbo-windows-32/-/turbo-windows-32-1.2.6.tgz",
      "integrity": "sha512-1rzktj68Ohqi+OPeSvWqbb6Er0yS7FidRku8IQIZJ0bmwP/a5OMqIHXHoIEbn5/ceXry6vJm8aYDgm1FAKkbZw==",
      "dev": true,
      "optional": true
    },
    "turbo-windows-64": {
      "version": "1.2.6",
      "resolved": "https://registry.npmjs.org/turbo-windows-64/-/turbo-windows-64-1.2.6.tgz",
      "integrity": "sha512-91m+np5oxTRVORjkFVf2BypYjrhB+Q7ZaKqti5q4A0qLIvYs0dqGitT45j547XKWtlk2dP2ziXhYs2btDOCr4w==",
      "dev": true,
      "optional": true
    },
    "turbo-windows-arm64": {
      "version": "1.2.6",
      "resolved": "https://registry.npmjs.org/turbo-windows-arm64/-/turbo-windows-arm64-1.2.6.tgz",
      "integrity": "sha512-92vhzWNu+ZrjMK1D6y1bjHTQjIVx0YViYCHDSQNY56STQgUleRW+aColVGs2MnZ4lv7vHhA9FIDJ19CRYpTiNA==",
      "dev": true,
      "optional": true
    }
  }
}
