{
  "name": "commerce",
  "requires": true,
  "lockfileVersion": 1,
  "dependencies": {
    "@types/prop-types": {
      "version": "15.7.5",
      "resolved": "https://registry.npmjs.org/@types/prop-types/-/prop-types-15.7.5.tgz",
      "integrity": "sha512-JCB8C6SnDoQf0cNycqd/35A7MjcnK+ZTqE7judS6o7utxUCg6imJg3QK2qzHKszlTjcj2cn+NwMB2i96ubpj7w==",
      "dev": true
    },
    "@types/react-image-gallery": {
      "version": "1.0.5",
      "resolved": "https://registry.npmjs.org/@types/react-image-gallery/-/react-image-gallery-1.0.5.tgz",
      "integrity": "sha512-CjIjFXmV7zGRO/FkdtPK31Rwj0ud7Xz/9e5o4DCX2Lx96jR8+0xCmKeUAQQVN3pKc6jUjOC0f/aEylhKg8vhAw==",
      "dev": true,
      "requires": {
        "@types/react": "*"
      },
      "dependencies": {
        "@types/react": {
          "version": "18.0.9",
          "resolved": "https://registry.npmjs.org/@types/react/-/react-18.0.9.tgz",
          "integrity": "sha512-9bjbg1hJHUm4De19L1cHiW0Jvx3geel6Qczhjd0qY5VKVE2X5+x77YxAepuCwVh4vrgZJdgEJw48zrhRIeF4Nw==",
          "dev": true,
          "requires": {
            "@types/prop-types": "*",
            "@types/scheduler": "*",
            "csstype": "^3.0.2"
          }
        }
      }
    },
    "@types/scheduler": {
      "version": "0.16.2",
      "resolved": "https://registry.npmjs.org/@types/scheduler/-/scheduler-0.16.2.tgz",
      "integrity": "sha512-hppQEBDmlwhFAXKJX2KnWLYu5yMfi91yazPb2l+lbJiwW+wdo1gNeRA+3RgNSO39WYX2euey41KEwnqesU2Jew==",
      "dev": true
    },
    "css-mediaquery": {
      "version": "0.1.2",
      "resolved": "https://registry.npmjs.org/css-mediaquery/-/css-mediaquery-0.1.2.tgz",
      "integrity": "sha512-COtn4EROW5dBGlE/4PiKnh6rZpAPxDeFLaEEwt4i10jpDMFt2EhQGS79QmmrO+iKCHv0PU/HrOWEhijFd1x99Q=="
    },
    "csstype": {
      "version": "3.1.1",
      "resolved": "https://registry.npmjs.org/csstype/-/csstype-3.1.1.tgz",
      "integrity": "sha512-DJR/VvkAvSZW9bTouZue2sSxDwdTN92uHjqeKVm+0dAqdfNykRzQ95tay8aXMBAAPpUiq4Qcug2L7neoRh2Egw==",
      "dev": true
    },
    "husky": {
      "version": "7.0.4",
      "resolved": "https://registry.npmjs.org/husky/-/husky-7.0.4.tgz",
      "integrity": "sha512-vbaCKN2QLtP/vD4yvs6iz6hBEo6wkSzs8HpRah1Z6aGmF2KW5PdYuAd7uX5a+OyBZHBhd+TFLqgjUgytQr4RvQ==",
      "dev": true
    },
    "hyphenate-style-name": {
      "version": "1.0.4",
      "resolved": "https://registry.npmjs.org/hyphenate-style-name/-/hyphenate-style-name-1.0.4.tgz",
      "integrity": "sha512-ygGZLjmXfPHj+ZWh6LwbC37l43MhfztxetbFCoYTM2VjkIUpeHgSNn7QIyVFj7YQ1Wl9Cbw5sholVJPzWvC2MQ=="
    },
    "js-tokens": {
      "version": "4.0.0",
      "resolved": "https://registry.npmjs.org/js-tokens/-/js-tokens-4.0.0.tgz",
      "integrity": "sha512-RdJUflcE3cUzKiMqQgsCu06FPu9UdIJO0beYbPhHN4k6apgJtifcoCtT9bcxOpYBtpD2kCM6Sbzg4CausW/PKQ=="
    },
    "keen-slider": {
      "version": "6.8.2",
      "resolved": "https://registry.npmjs.org/keen-slider/-/keen-slider-6.8.2.tgz",
      "integrity": "sha512-vMVLPVfgTkLTNseKM42hnOJz/k/C4x4atCJqKRmPh2Mb4L/+Pzh4qvq9k6qT7/pKBxnsNxOlcxq80NoZq/N3Iw=="
    },
    "loose-envify": {
      "version": "1.4.0",
      "resolved": "https://registry.npmjs.org/loose-envify/-/loose-envify-1.4.0.tgz",
      "integrity": "sha512-lyuxPGr/Wfhrlem2CL/UcnUc1zcqKAImBDzukY7Y5F/yQiNdko6+fRLevlw1HgMySw7f611UIY408EtxRSoK3Q==",
      "requires": {
        "js-tokens": "^3.0.0 || ^4.0.0"
      }
    },
    "matchmediaquery": {
      "version": "0.3.1",
      "resolved": "https://registry.npmjs.org/matchmediaquery/-/matchmediaquery-0.3.1.tgz",
      "integrity": "sha512-Hlk20WQHRIm9EE9luN1kjRjYXAQToHOIAHPJn9buxBwuhfTHoKUcX+lXBbxc85DVQfXYbEQ4HcwQdd128E3qHQ==",
      "requires": {
        "css-mediaquery": "^0.1.2"
      }
    },
    "object-assign": {
      "version": "4.1.1",
      "resolved": "https://registry.npmjs.org/object-assign/-/object-assign-4.1.1.tgz",
      "integrity": "sha512-rJgTQnkUnH1sFw8yT6VSU3zD3sWmu6sZhIseY8VX+GRu3P6F7Fu+JNDoXfklElbLJSnc3FUQHVe4cU5hj+BcUg=="
    },
    "prettier": {
      "version": "2.6.2",
      "resolved": "https://registry.npmjs.org/prettier/-/prettier-2.6.2.tgz",
      "integrity": "sha512-PkUpF+qoXTqhOeWL9fu7As8LXsIUZ1WYaJiY/a7McAQzxjk82OF0tibkFXVCDImZtWxbvojFjerkiLb0/q8mew==",
      "dev": true
    },
    "prop-types": {
      "version": "15.8.1",
      "resolved": "https://registry.npmjs.org/prop-types/-/prop-types-15.8.1.tgz",
      "integrity": "sha512-oj87CgZICdulUohogVAR7AjlC0327U4el4L6eAvOqCeudMDVU0NThNaV+b9Df4dXgSP1gXMTnPdhfe/2qDH5cg==",
      "requires": {
        "loose-envify": "^1.4.0",
        "object-assign": "^4.1.1",
        "react-is": "^16.13.1"
      }
    },
    "react-fullscreen-image": {
      "version": "0.0.3",
      "resolved": "https://registry.npmjs.org/react-fullscreen-image/-/react-fullscreen-image-0.0.3.tgz",
      "integrity": "sha512-A4zXvDox4WConU/qUpOKUCoRmV2mGi2DPTXNhG9I1x+W8WWwpKQMmrbWjLAe/UudhtpJRlebkIC3sPU6IHR3Nw=="
    },
    "react-image-gallery": {
      "version": "1.2.8",
      "resolved": "https://registry.npmjs.org/react-image-gallery/-/react-image-gallery-1.2.8.tgz",
      "integrity": "sha512-7KbWcWChUMHRGyJHA/eH3injWF9/2WTlQXjV6fym1DqwrINSVIh1hLiqmujh/XANstW+osqSu5WFKKPy2F2gbA=="
    },
    "react-is": {
      "version": "16.13.1",
      "resolved": "https://registry.npmjs.org/react-is/-/react-is-16.13.1.tgz",
      "integrity": "sha512-24e6ynE2H+OKt4kqsOvNd8kBpV65zoxbA4BVsEOB3ARVWQki/DHzaUoC5KuON/BiccDaCCTZBuOcfZs70kR8bQ=="
    },
    "react-modal-image": {
      "version": "2.6.0",
      "resolved": "https://registry.npmjs.org/react-modal-image/-/react-modal-image-2.6.0.tgz",
      "integrity": "sha512-NNc1xPKzFAn0VsNMdJ8NXt6c54aL/z0fcoYmw9qn4SBUONdGl+8LOQ0sTfo0wtdzcjLiby/ncloHcAL+UI+wIA=="
    },
    "react-range": {
      "version": "1.8.12",
      "resolved": "https://registry.npmjs.org/react-range/-/react-range-1.8.12.tgz",
      "integrity": "sha512-vY2eCNDvKlXtEpl8xx5AQVIBeE4ZZ46dLVL+82f4FcS9XrPqz4+XagPHmq3IPqYuVQ2H4b8UArXzvVAsd/B03Q=="
    },
    "react-responsive": {
      "version": "9.0.0-beta.8",
      "resolved": "https://registry.npmjs.org/react-responsive/-/react-responsive-9.0.0-beta.8.tgz",
      "integrity": "sha512-3DH8YMbYCaZZ6GnsabO7/fWUFDxY5/UMdYQn4kYRBvammJvbvTTfDODo7sb4XsnOoglu0U7S6pVupH5VN+oAoQ==",
      "requires": {
        "hyphenate-style-name": "^1.0.0",
        "matchmediaquery": "^0.3.0",
        "prop-types": "^15.6.1",
        "shallow-equal": "^1.2.1"
      }
    },
    "rn-range-slider": {
      "version": "2.1.1",
      "resolved": "https://registry.npmjs.org/rn-range-slider/-/rn-range-slider-2.1.1.tgz",
      "integrity": "sha512-tDfH8G4e/k+waGMMd+HaYTlpOqyh1dd3aWdDmqKo0WGh1BfHB+NXy0X2REyr1ZJDvsrq7WEeFZ+PBTdD6cisbw=="
    },
    "shallow-equal": {
      "version": "1.2.1",
      "resolved": "https://registry.npmjs.org/shallow-equal/-/shallow-equal-1.2.1.tgz",
      "integrity": "sha512-S4vJDjHHMBaiZuT9NPb616CSmLf618jawtv3sufLl6ivK8WocjAo58cXwbRV1cgqxH0Qbv+iUt6m05eqEa2IRA=="
    },
    "turbo": {
      "version": "1.2.9",
      "resolved": "https://registry.npmjs.org/turbo/-/turbo-1.2.9.tgz",
      "integrity": "sha512-aPGzZqmUHE9yx9TS7wcAJnDmXiuQSNXDwU5b1KrgNlFuID18TL443wna79p7k4awmf4Yuhu1cSZIvO+se72iVQ==",
      "dev": true,
      "requires": {
        "turbo-darwin-64": "1.2.9",
        "turbo-darwin-arm64": "1.2.9",
        "turbo-freebsd-64": "1.2.9",
        "turbo-freebsd-arm64": "1.2.9",
        "turbo-linux-32": "1.2.9",
        "turbo-linux-64": "1.2.9",
        "turbo-linux-arm": "1.2.9",
        "turbo-linux-arm64": "1.2.9",
        "turbo-linux-mips64le": "1.2.9",
        "turbo-linux-ppc64le": "1.2.9",
        "turbo-windows-32": "1.2.9",
        "turbo-windows-64": "1.2.9",
        "turbo-windows-arm64": "1.2.9"
      }
    },
    "turbo-darwin-64": {
      "version": "1.2.9",
      "resolved": "https://registry.npmjs.org/turbo-darwin-64/-/turbo-darwin-64-1.2.9.tgz",
      "integrity": "sha512-rVwDQpi6p0GwTiqSsvtA1b3RvKl8l2y+ElZ3EKGiIIJYZt1D6wBMJoADaZ9uZ/LWkT+WKfAWNtKdwRmuBAOS6g==",
      "dev": true,
      "optional": true
    },
    "turbo-darwin-arm64": {
      "version": "1.2.9",
      "resolved": "https://registry.npmjs.org/turbo-darwin-arm64/-/turbo-darwin-arm64-1.2.9.tgz",
      "integrity": "sha512-j7NgQHkQWWODw1I/saiqmjjD54uGAEq0qTTtLI3RoLaA+yI+awXmHwsiHRqsvGSyGJlBoKBcbxXkekLf21q3GA==",
      "dev": true,
      "optional": true
    },
    "turbo-freebsd-64": {
      "version": "1.2.9",
      "resolved": "https://registry.npmjs.org/turbo-freebsd-64/-/turbo-freebsd-64-1.2.9.tgz",
      "integrity": "sha512-+tLb3iCOrIeGrcOJZYey5mD9qgNgKYuwRRg6FeX/6TDITvZXcCS50A2uRbaD/PQzQKs1lHcshiCe/DRtbvJ63g==",
      "dev": true,
      "optional": true
    },
    "turbo-freebsd-arm64": {
      "version": "1.2.9",
      "resolved": "https://registry.npmjs.org/turbo-freebsd-arm64/-/turbo-freebsd-arm64-1.2.9.tgz",
      "integrity": "sha512-gwI8jocTf036kc9GI1BebzftxrkT5pewHPA2iqvAXAJpX01G1x1iGcl8/uIbkbL5hp038nu+l2Kb+lRI96sJuA==",
      "dev": true,
      "optional": true
    },
    "turbo-linux-32": {
      "version": "1.2.9",
      "resolved": "https://registry.npmjs.org/turbo-linux-32/-/turbo-linux-32-1.2.9.tgz",
      "integrity": "sha512-Rm47bIsCHIae/DkXJ58YrWvdh8o4Ug9U4VnTDb9byXrz2B7624ol9XdfpXv429z7LXkQR1+WnwCMwFB4K6DyuQ==",
      "dev": true,
      "optional": true
    },
    "turbo-linux-64": {
      "version": "1.2.9",
      "resolved": "https://registry.npmjs.org/turbo-linux-64/-/turbo-linux-64-1.2.9.tgz",
      "integrity": "sha512-8Gqi+TzEdmOmxxAukU0NO0JlIqdm98C97u9qEsxWrXTFL/xL21gKCixqsBTEO7JOISC4M8VjArxjSsITRbkD5g==",
      "dev": true,
      "optional": true
    },
    "turbo-linux-arm": {
      "version": "1.2.9",
      "resolved": "https://registry.npmjs.org/turbo-linux-arm/-/turbo-linux-arm-1.2.9.tgz",
      "integrity": "sha512-OS+XCWiGFbuM7UNBVQdVbIJqxhVu9Sr2WxQgDcGZpCYn32yLLPlWDDGL0Cl/EG006J9k+VS1e4OzyM6kfMxS9Q==",
      "dev": true,
      "optional": true
    },
    "turbo-linux-arm64": {
      "version": "1.2.9",
      "resolved": "https://registry.npmjs.org/turbo-linux-arm64/-/turbo-linux-arm64-1.2.9.tgz",
      "integrity": "sha512-FVIeM7koUtyu1cNAJhPYjb90kL/ICdWoJr4PoZZYnqty5sxLsBg75bVErEDQeDzKQvwXLlcax2lEzHvaSyn/wg==",
      "dev": true,
      "optional": true
    },
    "turbo-linux-mips64le": {
      "version": "1.2.9",
      "resolved": "https://registry.npmjs.org/turbo-linux-mips64le/-/turbo-linux-mips64le-1.2.9.tgz",
      "integrity": "sha512-2zVBnOVivWGpl51qO/lycfw7euM4b04AXYUmhsWkUN3FygIwyNgjuiMU8rxQOlu9VGX8X+WXkX2gfbgTovTeFw==",
      "dev": true,
      "optional": true
    },
    "turbo-linux-ppc64le": {
      "version": "1.2.9",
      "resolved": "https://registry.npmjs.org/turbo-linux-ppc64le/-/turbo-linux-ppc64le-1.2.9.tgz",
      "integrity": "sha512-EGgKyzf8IhodOF32BvE3Zlgbr/dSGuUbemC9RGSuhF1F1PMnP1nYS/t3JWN5QKZU4O2uWiIyLdC/0ZjtcGAcZQ==",
      "dev": true,
      "optional": true
    },
    "turbo-windows-32": {
      "version": "1.2.9",
      "resolved": "https://registry.npmjs.org/turbo-windows-32/-/turbo-windows-32-1.2.9.tgz",
      "integrity": "sha512-XrMJMUtewlfksBUB0R7Tyw16IoqshVl6f/3R2ccMccddEMcvak0oW03FK9n+Y4F+wyIoJ22AVhu8jMv+HgEehA==",
      "dev": true,
      "optional": true
    },
    "turbo-windows-64": {
      "version": "1.2.9",
      "resolved": "https://registry.npmjs.org/turbo-windows-64/-/turbo-windows-64-1.2.9.tgz",
      "integrity": "sha512-ewhj4MrqcMpW/keag4xG7YRLTJ7PzcqBc6Kc96OGD2qfK/uJV/r7H3Xt09WuYHRWwPgGEeNn8utpqdqbYfCVDw==",
      "dev": true,
      "optional": true
    },
    "turbo-windows-arm64": {
      "version": "1.2.9",
      "resolved": "https://registry.npmjs.org/turbo-windows-arm64/-/turbo-windows-arm64-1.2.9.tgz",
      "integrity": "sha512-B8BoNb/yZWAyKwQUbs2+UFzLmOu/WGv/+ADT6SQfI8jOaTenS7Od4bbMsGJT0iXcqv+v8TcWKX83KmQ6gxBQpg==",
      "dev": true,
      "optional": true
    }
  }
}
